
Microsoft Visual Studio Solution File, Format Version 12.00
# Visual Studio 15
VisualStudioVersion = 15.0.28307.421
MinimumVisualStudioVersion = 10.0.40219.1
Project("{FAE04EC0-301F-11D3-BF4B-00C04F79EFBC}") = "Td1.Android", "Td1\Td1.Android\Td1.Android.csproj", "{31084457-F7DB-46F6-84D8-47006891FC90}"
EndProject
Project("{FAE04EC0-301F-11D3-BF4B-00C04F79EFBC}") = "Td1.iOS", "Td1\Td1.iOS\Td1.iOS.csproj", "{9754EEDE-ED61-4177-9277-BCC35EEBD72E}"
EndProject
Project("{FAE04EC0-301F-11D3-BF4B-00C04F79EFBC}") = "Td1", "Td1\Td1\Td1.csproj", "{30E982A6-8672-4C38-94AD-C566AE9921E9}"
EndProject
Global
	GlobalSection(SolutionConfigurationPlatforms) = preSolution
		Ad-Hoc|Any CPU = Ad-Hoc|Any CPU
		Ad-Hoc|iPhone = Ad-Hoc|iPhone
		Ad-Hoc|iPhoneSimulator = Ad-Hoc|iPhoneSimulator
		AppStore|Any CPU = AppStore|Any CPU
		AppStore|iPhone = AppStore|iPhone
		AppStore|iPhoneSimulator = AppStore|iPhoneSimulator
		Debug|Any CPU = Debug|Any CPU
		Debug|iPhone = Debug|iPhone
		Debug|iPhoneSimulator = Debug|iPhoneSimulator
		Release|Any CPU = Release|Any CPU
		Release|iPhone = Release|iPhone
		Release|iPhoneSimulator = Release|iPhoneSimulator
	EndGlobalSection
	GlobalSection(ProjectConfigurationPlatforms) = postSolution
		{31084457-F7DB-46F6-84D8-47006891FC90}.Ad-Hoc|Any CPU.ActiveCfg = Release|Any CPU
		{31084457-F7DB-46F6-84D8-47006891FC90}.Ad-Hoc|Any CPU.Build.0 = Release|Any CPU
		{31084457-F7DB-46F6-84D8-47006891FC90}.Ad-Hoc|Any CPU.Deploy.0 = Release|Any CPU
		{31084457-F7DB-46F6-84D8-47006891FC90}.Ad-Hoc|iPhone.ActiveCfg = Release|Any CPU
		{31084457-F7DB-46F6-84D8-47006891FC90}.Ad-Hoc|iPhone.Build.0 = Release|Any CPU
		{31084457-F7DB-46F6-84D8-47006891FC90}.Ad-Hoc|iPhone.Deploy.0 = Release|Any CPU
		{31084457-F7DB-46F6-84D8-47006891FC90}.Ad-Hoc|iPhoneSimulator.ActiveCfg = Release|Any CPU
		{31084457-F7DB-46F6-84D8-47006891FC90}.Ad-Hoc|iPhoneSimulator.Build.0 = Release|Any CPU
		{31084457-F7DB-46F6-84D8-47006891FC90}.Ad-Hoc|iPhoneSimulator.Deploy.0 = Release|Any CPU
		{31084457-F7DB-46F6-84D8-47006891FC90}.AppStore|Any CPU.ActiveCfg = Release|Any CPU
		{31084457-F7DB-46F6-84D8-47006891FC90}.AppStore|Any CPU.Build.0 = Release|Any CPU
		{31084457-F7DB-46F6-84D8-47006891FC90}.AppStore|Any CPU.Deploy.0 = Release|Any CPU
		{31084457-F7DB-46F6-84D8-47006891FC90}.AppStore|iPhone.ActiveCfg = Release|Any CPU
		{31084457-F7DB-46F6-84D8-47006891FC90}.AppStore|iPhone.Build.0 = Release|Any CPU
		{31084457-F7DB-46F6-84D8-47006891FC90}.AppStore|iPhone.Deploy.0 = Release|Any CPU
		{31084457-F7DB-46F6-84D8-47006891FC90}.AppStore|iPhoneSimulator.ActiveCfg = Release|Any CPU
		{31084457-F7DB-46F6-84D8-47006891FC90}.AppStore|iPhoneSimulator.Build.0 = Release|Any CPU
		{31084457-F7DB-46F6-84D8-47006891FC90}.AppStore|iPhoneSimulator.Deploy.0 = Release|Any CPU
		{31084457-F7DB-46F6-84D8-47006891FC90}.Debug|Any CPU.ActiveCfg = Debug|Any CPU
		{31084457-F7DB-46F6-84D8-47006891FC90}.Debug|Any CPU.Build.0 = Debug|Any CPU
		{31084457-F7DB-46F6-84D8-47006891FC90}.Debug|Any CPU.Deploy.0 = Debug|Any CPU
		{31084457-F7DB-46F6-84D8-47006891FC90}.Debug|iPhone.ActiveCfg = Debug|Any CPU
		{31084457-F7DB-46F6-84D8-47006891FC90}.Debug|iPhone.Build.0 = Debug|Any CPU
		{31084457-F7DB-46F6-84D8-47006891FC90}.Debug|iPhone.Deploy.0 = Debug|Any CPU
		{31084457-F7DB-46F6-84D8-47006891FC90}.Debug|iPhoneSimulator.ActiveCfg = Debug|Any CPU
		{31084457-F7DB-46F6-84D8-47006891FC90}.Debug|iPhoneSimulator.Build.0 = Debug|Any CPU
		{31084457-F7DB-46F6-84D8-47006891FC90}.Debug|iPhoneSimulator.Deploy.0 = Debug|Any CPU
		{31084457-F7DB-46F6-84D8-47006891FC90}.Release|Any CPU.ActiveCfg = Release|Any CPU
		{31084457-F7DB-46F6-84D8-47006891FC90}.Release|Any CPU.Build.0 = Release|Any CPU
		{31084457-F7DB-46F6-84D8-47006891FC90}.Release|Any CPU.Deploy.0 = Release|Any CPU
		{31084457-F7DB-46F6-84D8-47006891FC90}.Release|iPhone.ActiveCfg = Release|Any CPU
		{31084457-F7DB-46F6-84D8-47006891FC90}.Release|iPhone.Build.0 = Release|Any CPU
		{31084457-F7DB-46F6-84D8-47006891FC90}.Release|iPhone.Deploy.0 = Release|Any CPU
		{31084457-F7DB-46F6-84D8-47006891FC90}.Release|iPhoneSimulator.ActiveCfg = Release|Any CPU
		{31084457-F7DB-46F6-84D8-47006891FC90}.Release|iPhoneSimulator.Build.0 = Release|Any CPU
		{31084457-F7DB-46F6-84D8-47006891FC90}.Release|iPhoneSimulator.Deploy.0 = Release|Any CPU
		{9754EEDE-ED61-4177-9277-BCC35EEBD72E}.Ad-Hoc|Any CPU.ActiveCfg = Ad-Hoc|iPhone
		{9754EEDE-ED61-4177-9277-BCC35EEBD72E}.Ad-Hoc|Any CPU.Build.0 = Ad-Hoc|iPhone
		{9754EEDE-ED61-4177-9277-BCC35EEBD72E}.Ad-Hoc|Any CPU.Deploy.0 = Ad-Hoc|iPhone
		{9754EEDE-ED61-4177-9277-BCC35EEBD72E}.Ad-Hoc|iPhone.ActiveCfg = Ad-Hoc|iPhone
		{9754EEDE-ED61-4177-9277-BCC35EEBD72E}.Ad-Hoc|iPhone.Build.0 = Ad-Hoc|iPhone
		{9754EEDE-ED61-4177-9277-BCC35EEBD72E}.Ad-Hoc|iPhone.Deploy.0 = Ad-Hoc|iPhone
		{9754EEDE-ED61-4177-9277-BCC35EEBD72E}.Ad-Hoc|iPhoneSimulator.ActiveCfg = Ad-Hoc|iPhoneSimulator
		{9754EEDE-ED61-4177-9277-BCC35EEBD72E}.Ad-Hoc|iPhoneSimulator.Build.0 = Ad-Hoc|iPhoneSimulator
		{9754EEDE-ED61-4177-9277-BCC35EEBD72E}.Ad-Hoc|iPhoneSimulator.Deploy.0 = Ad-Hoc|iPhoneSimulator
		{9754EEDE-ED61-4177-9277-BCC35EEBD72E}.AppStore|Any CPU.ActiveCfg = AppStore|iPhone
		{9754EEDE-ED61-4177-9277-BCC35EEBD72E}.AppStore|Any CPU.Build.0 = AppStore|iPhone
		{9754EEDE-ED61-4177-9277-BCC35EEBD72E}.AppStore|Any CPU.Deploy.0 = AppStore|iPhone
		{9754EEDE-ED61-4177-9277-BCC35EEBD72E}.AppStore|iPhone.ActiveCfg = AppStore|iPhone
		{9754EEDE-ED61-4177-9277-BCC35EEBD72E}.AppStore|iPhone.Build.0 = AppStore|iPhone
		{9754EEDE-ED61-4177-9277-BCC35EEBD72E}.AppStore|iPhone.Deploy.0 = AppStore|iPhone
		{9754EEDE-ED61-4177-9277-BCC35EEBD72E}.AppStore|iPhoneSimulator.ActiveCfg = AppStore|iPhoneSimulator
		{9754EEDE-ED61-4177-9277-BCC35EEBD72E}.AppStore|iPhoneSimulator.Build.0 = AppStore|iPhoneSimulator
		{9754EEDE-ED61-4177-9277-BCC35EEBD72E}.AppStore|iPhoneSimulator.Deploy.0 = AppStore|iPhoneSimulator
		{9754EEDE-ED61-4177-9277-BCC35EEBD72E}.Debug|Any CPU.ActiveCfg = Debug|iPhoneSimulator
		{9754EEDE-ED61-4177-9277-BCC35EEBD72E}.Debug|Any CPU.Build.0 = Debug|iPhoneSimulator
		{9754EEDE-ED61-4177-9277-BCC35EEBD72E}.Debug|Any CPU.Deploy.0 = Debug|iPhoneSimulator
		{9754EEDE-ED61-4177-9277-BCC35EEBD72E}.Debug|iPhone.ActiveCfg = Debug|iPhone
		{9754EEDE-ED61-4177-9277-BCC35EEBD72E}.Debug|iPhone.Build.0 = Debug|iPhone
		{9754EEDE-ED61-4177-9277-BCC35EEBD72E}.Debug|iPhone.Deploy.0 = Debug|iPhone
		{9754EEDE-ED61-4177-9277-BCC35EEBD72E}.Debug|iPhoneSimulator.ActiveCfg = Debug|iPhoneSimulator
		{9754EEDE-ED61-4177-9277-BCC35EEBD72E}.Debug|iPhoneSimulator.Build.0 = Debug|iPhoneSimulator
		{9754EEDE-ED61-4177-9277-BCC35EEBD72E}.Debug|iPhoneSimulator.Deploy.0 = Debug|iPhoneSimulator
		{9754EEDE-ED61-4177-9277-BCC35EEBD72E}.Release|Any CPU.ActiveCfg = Release|iPhone
		{9754EEDE-ED61-4177-9277-BCC35EEBD72E}.Release|Any CPU.Build.0 = Release|iPhone
		{9754EEDE-ED61-4177-9277-BCC35EEBD72E}.Release|Any CPU.Deploy.0 = Release|iPhone
		{9754EEDE-ED61-4177-9277-BCC35EEBD72E}.Release|iPhone.ActiveCfg = Release|iPhone
		{9754EEDE-ED61-4177-9277-BCC35EEBD72E}.Release|iPhone.Build.0 = Release|iPhone
		{9754EEDE-ED61-4177-9277-BCC35EEBD72E}.Release|iPhone.Deploy.0 = Release|iPhone
		{9754EEDE-ED61-4177-9277-BCC35EEBD72E}.Release|iPhoneSimulator.ActiveCfg = Release|iPhoneSimulator
		{9754EEDE-ED61-4177-9277-BCC35EEBD72E}.Release|iPhoneSimulator.Build.0 = Release|iPhoneSimulator
		{9754EEDE-ED61-4177-9277-BCC35EEBD72E}.Release|iPhoneSimulator.Deploy.0 = Release|iPhoneSimulator
		{30E982A6-8672-4C38-94AD-C566AE9921E9}.Ad-Hoc|Any CPU.ActiveCfg = Debug|Any CPU
		{30E982A6-8672-4C38-94AD-C566AE9921E9}.Ad-Hoc|Any CPU.Build.0 = Debug|Any CPU
		{30E982A6-8672-4C38-94AD-C566AE9921E9}.Ad-Hoc|Any CPU.Deploy.0 = Debug|Any CPU
		{30E982A6-8672-4C38-94AD-C566AE9921E9}.Ad-Hoc|iPhone.ActiveCfg = Debug|Any CPU
		{30E982A6-8672-4C38-94AD-C566AE9921E9}.Ad-Hoc|iPhone.Build.0 = Debug|Any CPU
		{30E982A6-8672-4C38-94AD-C566AE9921E9}.Ad-Hoc|iPhone.Deploy.0 = Debug|Any CPU
		{30E982A6-8672-4C38-94AD-C566AE9921E9}.Ad-Hoc|iPhoneSimulator.ActiveCfg = Debug|Any CPU
		{30E982A6-8672-4C38-94AD-C566AE9921E9}.Ad-Hoc|iPhoneSimulator.Build.0 = Debug|Any CPU
		{30E982A6-8672-4C38-94AD-C566AE9921E9}.Ad-Hoc|iPhoneSimulator.Deploy.0 = Debug|Any CPU
		{30E982A6-8672-4C38-94AD-C566AE9921E9}.AppStore|Any CPU.ActiveCfg = Debug|Any CPU
		{30E982A6-8672-4C38-94AD-C566AE9921E9}.AppStore|Any CPU.Build.0 = Debug|Any CPU
		{30E982A6-8672-4C38-94AD-C566AE9921E9}.AppStore|Any CPU.Deploy.0 = Debug|Any CPU
		{30E982A6-8672-4C38-94AD-C566AE9921E9}.AppStore|iPhone.ActiveCfg = Debug|Any CPU
		{30E982A6-8672-4C38-94AD-C566AE9921E9}.AppStore|iPhone.Build.0 = Debug|Any CPU
		{30E982A6-8672-4C38-94AD-C566AE9921E9}.AppStore|iPhone.Deploy.0 = Debug|Any CPU
		{30E982A6-8672-4C38-94AD-C566AE9921E9}.AppStore|iPhoneSimulator.ActiveCfg = Debug|Any CPU
		{30E982A6-8672-4C38-94AD-C566AE9921E9}.AppStore|iPhoneSimulator.Build.0 = Debug|Any CPU
		{30E982A6-8672-4C38-94AD-C566AE9921E9}.AppStore|iPhoneSimulator.Deploy.0 = Debug|Any CPU
		{30E982A6-8672-4C38-94AD-C566AE9921E9}.Debug|Any CPU.ActiveCfg = Debug|Any CPU
		{30E982A6-8672-4C38-94AD-C566AE9921E9}.Debug|Any CPU.Build.0 = Debug|Any CPU
		{30E982A6-8672-4C38-94AD-C566AE9921E9}.Debug|Any CPU.Deploy.0 = Debug|Any CPU
		{30E982A6-8672-4C38-94AD-C566AE9921E9}.Debug|iPhone.ActiveCfg = Debug|Any CPU
		{30E982A6-8672-4C38-94AD-C566AE9921E9}.Debug|iPhone.Build.0 = Debug|Any CPU
		{30E982A6-8672-4C38-94AD-C566AE9921E9}.Debug|iPhone.Deploy.0 = Debug|Any CPU
		{30E982A6-8672-4C38-94AD-C566AE9921E9}.Debug|iPhoneSimulator.ActiveCfg = Debug|Any CPU
		{30E982A6-8672-4C38-94AD-C566AE9921E9}.Debug|iPhoneSimulator.Build.0 = Debug|Any CPU
		{30E982A6-8672-4C38-94AD-C566AE9921E9}.Debug|iPhoneSimulator.Deploy.0 = Debug|Any CPU
		{30E982A6-8672-4C38-94AD-C566AE9921E9}.Release|Any CPU.ActiveCfg = Release|Any CPU
		{30E982A6-8672-4C38-94AD-C566AE9921E9}.Release|Any CPU.Build.0 = Release|Any CPU
		{30E982A6-8672-4C38-94AD-C566AE9921E9}.Release|Any CPU.Deploy.0 = Release|Any CPU
		{30E982A6-8672-4C38-94AD-C566AE9921E9}.Release|iPhone.ActiveCfg = Release|Any CPU
		{30E982A6-8672-4C38-94AD-C566AE9921E9}.Release|iPhone.Build.0 = Release|Any CPU
		{30E982A6-8672-4C38-94AD-C566AE9921E9}.Release|iPhone.Deploy.0 = Release|Any CPU
		{30E982A6-8672-4C38-94AD-C566AE9921E9}.Release|iPhoneSimulator.ActiveCfg = Release|Any CPU
		{30E982A6-8672-4C38-94AD-C566AE9921E9}.Release|iPhoneSimulator.Build.0 = Release|Any CPU
		{30E982A6-8672-4C38-94AD-C566AE9921E9}.Release|iPhoneSimulator.Deploy.0 = Release|Any CPU
	EndGlobalSection
	GlobalSection(SolutionProperties) = preSolution
		HideSolutionNode = FALSE
	EndGlobalSection
	GlobalSection(ExtensibilityGlobals) = postSolution
		SolutionGuid = {608E75B2-85AB-4097-8CEB-C7EBB91334CF}
	EndGlobalSection
EndGlobal
